// !$*UTF8*$!
{
	archiveVersion = 1;
	classes = {
	};
	objectVersion = 50;
	objects = {

/* Begin PBXBuildFile section */
		992B4A10225B4190003E64DB /* AppDelegate.swift in Sources */ = {isa = PBXBuildFile; fileRef = 992B4A0F225B4190003E64DB /* AppDelegate.swift */; };
		992B4A12225B4190003E64DB /* ViewController.swift in Sources */ = {isa = PBXBuildFile; fileRef = 992B4A11225B4190003E64DB /* ViewController.swift */; };
		992B4A15225B4190003E64DB /* Main.storyboard in Resources */ = {isa = PBXBuildFile; fileRef = 992B4A13225B4190003E64DB /* Main.storyboard */; };
		992B4A17225B4191003E64DB /* Assets.xcassets in Resources */ = {isa = PBXBuildFile; fileRef = 992B4A16225B4191003E64DB /* Assets.xcassets */; };
		992B4A1A225B4191003E64DB /* LaunchScreen.storyboard in Resources */ = {isa = PBXBuildFile; fileRef = 992B4A18225B4191003E64DB /* LaunchScreen.storyboard */; };
		992B4A25225B4191003E64DB /* InjectionTestTests.swift in Sources */ = {isa = PBXBuildFile; fileRef = 992B4A24225B4191003E64DB /* InjectionTestTests.swift */; };
		992B4A30225B4191003E64DB /* InjectionTestUITests.swift in Sources */ = {isa = PBXBuildFile; fileRef = 992B4A2F225B4191003E64DB /* InjectionTestUITests.swift */; };
/* End PBXBuildFile section */

/* Begin PBXContainerItemProxy section */
		992B4A21225B4191003E64DB /* PBXContainerItemProxy */ = {
			isa = PBXContainerItemProxy;
			containerPortal = 992B4A04225B4190003E64DB /* Project object */;
			proxyType = 1;
			remoteGlobalIDString = 992B4A0B225B4190003E64DB;
			remoteInfo = InjectionTest;
		};
		992B4A2C225B4191003E64DB /* PBXContainerItemProxy */ = {
			isa = PBXContainerItemProxy;
			containerPortal = 992B4A04225B4190003E64DB /* Project object */;
			proxyType = 1;
			remoteGlobalIDString = 992B4A0B225B4190003E64DB;
			remoteInfo = InjectionTest;
		};
/* End PBXContainerItemProxy section */

/* Begin PBXFileReference section */
		992B4A0C225B4190003E64DB /* InjectionTest.app */ = {isa = PBXFileReference; explicitFileType = wrapper.application; includeInIndex = 0; path = InjectionTest.app; sourceTree = BUILT_PRODUCTS_DIR; };
		992B4A0F225B4190003E64DB /* AppDelegate.swift */ = {isa = PBXFileReference; lastKnownFileType = sourcecode.swift; path = AppDelegate.swift; sourceTree = "<group>"; };
		992B4A11225B4190003E64DB /* ViewController.swift */ = {isa = PBXFileReference; lastKnownFileType = sourcecode.swift; path = ViewController.swift; sourceTree = "<group>"; };
		992B4A14225B4190003E64DB /* Base */ = {isa = PBXFileReference; lastKnownFileType = file.storyboard; name = Base; path = Base.lproj/Main.storyboard; sourceTree = "<group>"; };
		992B4A16225B4191003E64DB /* Assets.xcassets */ = {isa = PBXFileReference; lastKnownFileType = folder.assetcatalog; path = Assets.xcassets; sourceTree = "<group>"; };
		992B4A19225B4191003E64DB /* Base */ = {isa = PBXFileReference; lastKnownFileType = file.storyboard; name = Base; path = Base.lproj/LaunchScreen.storyboard; sourceTree = "<group>"; };
		992B4A1B225B4191003E64DB /* Info.plist */ = {isa = PBXFileReference; lastKnownFileType = text.plist.xml; path = Info.plist; sourceTree = "<group>"; };
		992B4A20225B4191003E64DB /* InjectionTestTests.xctest */ = {isa = PBXFileReference; explicitFileType = wrapper.cfbundle; includeInIndex = 0; path = InjectionTestTests.xctest; sourceTree = BUILT_PRODUCTS_DIR; };
		992B4A24225B4191003E64DB /* InjectionTestTests.swift */ = {isa = PBXFileReference; lastKnownFileType = sourcecode.swift; path = InjectionTestTests.swift; sourceTree = "<group>"; };
		992B4A26225B4191003E64DB /* Info.plist */ = {isa = PBXFileReference; lastKnownFileType = text.plist.xml; path = Info.plist; sourceTree = "<group>"; };
		992B4A2B225B4191003E64DB /* InjectionTestUITests.xctest */ = {isa = PBXFileReference; explicitFileType = wrapper.cfbundle; includeInIndex = 0; path = InjectionTestUITests.xctest; sourceTree = BUILT_PRODUCTS_DIR; };
		992B4A2F225B4191003E64DB /* InjectionTestUITests.swift */ = {isa = PBXFileReference; lastKnownFileType = sourcecode.swift; path = InjectionTestUITests.swift; sourceTree = "<group>"; };
		992B4A31225B4191003E64DB /* Info.plist */ = {isa = PBXFileReference; lastKnownFileType = text.plist.xml; path = Info.plist; sourceTree = "<group>"; };
/* End PBXFileReference section */

/* Begin PBXFrameworksBuildPhase section */
		992B4A09225B4190003E64DB /* Frameworks */ = {
			isa = PBXFrameworksBuildPhase;
			buildActionMask = 2147483647;
			files = (
			);
			runOnlyForDeploymentPostprocessing = 0;
		};
		992B4A1D225B4191003E64DB /* Frameworks */ = {
			isa = PBXFrameworksBuildPhase;
			buildActionMask = 2147483647;
			files = (
			);
			runOnlyForDeploymentPostprocessing = 0;
		};
		992B4A28225B4191003E64DB /* Frameworks */ = {
			isa = PBXFrameworksBuildPhase;
			buildActionMask = 2147483647;
			files = (
			);
			runOnlyForDeploymentPostprocessing = 0;
		};
/* End PBXFrameworksBuildPhase section */

/* Begin PBXGroup section */
		992B4A03225B4190003E64DB = {
			isa = PBXGroup;
			children = (
				992B4A0E225B4190003E64DB /* InjectionTest */,
				992B4A23225B4191003E64DB /* InjectionTestTests */,
				992B4A2E225B4191003E64DB /* InjectionTestUITests */,
				992B4A0D225B4190003E64DB /* Products */,
			);
			sourceTree = "<group>";
		};
		992B4A0D225B4190003E64DB /* Products */ = {
			isa = PBXGroup;
			children = (
				992B4A0C225B4190003E64DB /* InjectionTest.app */,
				992B4A20225B4191003E64DB /* InjectionTestTests.xctest */,
				992B4A2B225B4191003E64DB /* InjectionTestUITests.xctest */,
			);
			name = Products;
			sourceTree = "<group>";
		};
		992B4A0E225B4190003E64DB /* InjectionTest */ = {
			isa = PBXGroup;
			children = (
				992B4A0F225B4190003E64DB /* AppDelegate.swift */,
				992B4A11225B4190003E64DB /* ViewController.swift */,
				992B4A13225B4190003E64DB /* Main.storyboard */,
				992B4A16225B4191003E64DB /* Assets.xcassets */,
				992B4A18225B4191003E64DB /* LaunchScreen.storyboard */,
				992B4A1B225B4191003E64DB /* Info.plist */,
			);
			path = InjectionTest;
			sourceTree = "<group>";
		};
		992B4A23225B4191003E64DB /* InjectionTestTests */ = {
			isa = PBXGroup;
			children = (
				992B4A24225B4191003E64DB /* InjectionTestTests.swift */,
				992B4A26225B4191003E64DB /* Info.plist */,
			);
			path = InjectionTestTests;
			sourceTree = "<group>";
		};
		992B4A2E225B4191003E64DB /* InjectionTestUITests */ = {
			isa = PBXGroup;
			children = (
				992B4A2F225B4191003E64DB /* InjectionTestUITests.swift */,
				992B4A31225B4191003E64DB /* Info.plist */,
			);
			path = InjectionTestUITests;
			sourceTree = "<group>";
		};
/* End PBXGroup section */

/* Begin PBXNativeTarget section */
		992B4A0B225B4190003E64DB /* InjectionTest */ = {
			isa = PBXNativeTarget;
			buildConfigurationList = 992B4A34225B4191003E64DB /* Build configuration list for PBXNativeTarget "InjectionTest" */;
			buildPhases = (
				992B4A08225B4190003E64DB /* Sources */,
				992B4A09225B4190003E64DB /* Frameworks */,
				992B4A0A225B4190003E64DB /* Resources */,
			);
			buildRules = (
			);
			dependencies = (
			);
			name = InjectionTest;
			productName = InjectionTest;
			productReference = 992B4A0C225B4190003E64DB /* InjectionTest.app */;
			productType = "com.apple.product-type.application";
		};
		992B4A1F225B4191003E64DB /* InjectionTestTests */ = {
			isa = PBXNativeTarget;
			buildConfigurationList = 992B4A37225B4191003E64DB /* Build configuration list for PBXNativeTarget "InjectionTestTests" */;
			buildPhases = (
				992B4A1C225B4191003E64DB /* Sources */,
				992B4A1D225B4191003E64DB /* Frameworks */,
				992B4A1E225B4191003E64DB /* Resources */,
			);
			buildRules = (
			);
			dependencies = (
				992B4A22225B4191003E64DB /* PBXTargetDependency */,
			);
			name = InjectionTestTests;
			productName = InjectionTestTests;
			productReference = 992B4A20225B4191003E64DB /* InjectionTestTests.xctest */;
			productType = "com.apple.product-type.bundle.unit-test";
		};
		992B4A2A225B4191003E64DB /* InjectionTestUITests */ = {
			isa = PBXNativeTarget;
			buildConfigurationList = 992B4A3A225B4191003E64DB /* Build configuration list for PBXNativeTarget "InjectionTestUITests" */;
			buildPhases = (
				992B4A27225B4191003E64DB /* Sources */,
				992B4A28225B4191003E64DB /* Frameworks */,
				992B4A29225B4191003E64DB /* Resources */,
			);
			buildRules = (
			);
			dependencies = (
				992B4A2D225B4191003E64DB /* PBXTargetDependency */,
			);
			name = InjectionTestUITests;
			productName = InjectionTestUITests;
			productReference = 992B4A2B225B4191003E64DB /* InjectionTestUITests.xctest */;
			productType = "com.apple.product-type.bundle.ui-testing";
		};
/* End PBXNativeTarget section */

/* Begin PBXProject section */
		992B4A04225B4190003E64DB /* Project object */ = {
			isa = PBXProject;
			attributes = {
				LastSwiftUpdateCheck = 1010;
				LastUpgradeCheck = 1010;
				ORGANIZATIONNAME = LYP;
				TargetAttributes = {
					992B4A0B225B4190003E64DB = {
						CreatedOnToolsVersion = 10.1;
					};
					992B4A1F225B4191003E64DB = {
						CreatedOnToolsVersion = 10.1;
						TestTargetID = 992B4A0B225B4190003E64DB;
					};
					992B4A2A225B4191003E64DB = {
						CreatedOnToolsVersion = 10.1;
						TestTargetID = 992B4A0B225B4190003E64DB;
					};
				};
			};
			buildConfigurationList = 992B4A07225B4190003E64DB /* Build configuration list for PBXProject "InjectionTest" */;
			compatibilityVersion = "Xcode 9.3";
			developmentRegion = en;
			hasScannedForEncodings = 0;
			knownRegions = (
				en,
				Base,
			);
			mainGroup = 992B4A03225B4190003E64DB;
			productRefGroup = 992B4A0D225B4190003E64DB /* Products */;
			projectDirPath = "";
			projectRoot = "";
			targets = (
				992B4A0B225B4190003E64DB /* InjectionTest */,
				992B4A1F225B4191003E64DB /* InjectionTestTests */,
				992B4A2A225B4191003E64DB /* InjectionTestUITests */,
			);
		};
/* End PBXProject section */

/* Begin PBXResourcesBuildPhase section */
		992B4A0A225B4190003E64DB /* Resources */ = {
			isa = PBXResourcesBuildPhase;
			buildActionMask = 2147483647;
			files = (
				992B4A1A225B4191003E64DB /* LaunchScreen.storyboard in Resources */,
				992B4A17225B4191003E64DB /* Assets.xcassets in Resources */,
				992B4A15225B4190003E64DB /* Main.storyboard in Resources */,
			);
			runOnlyForDeploymentPostprocessing = 0;
		};
		992B4A1E225B4191003E64DB /* Resources */ = {
			isa = PBXResourcesBuildPhase;
			buildActionMask = 2147483647;
			files = (
			);
			runOnlyForDeploymentPostprocessing = 0;
		};
		992B4A29225B4191003E64DB /* Resources */ = {
			isa = PBXResourcesBuildPhase;
			buildActionMask = 2147483647;
			files = (
			);
			runOnlyForDeploymentPostprocessing = 0;
		};
/* End PBXResourcesBuildPhase section */

/* Begin PBXSourcesBuildPhase section */
		992B4A08225B4190003E64DB /* Sources */ = {
			isa = PBXSourcesBuildPhase;
			buildActionMask = 2147483647;
			files = (
				992B4A12225B4190003E64DB /* ViewController.swift in Sources */,
				992B4A10225B4190003E64DB /* AppDelegate.swift in Sources */,
			);
			runOnlyForDeploymentPostprocessing = 0;
		};
		992B4A1C225B4191003E64DB /* Sources */ = {
			isa = PBXSourcesBuildPhase;
			buildActionMask = 2147483647;
			files = (
				992B4A25225B4191003E64DB /* InjectionTestTests.swift in Sources */,
			);
			runOnlyForDeploymentPostprocessing = 0;
		};
		992B4A27225B4191003E64DB /* Sources */ = {
			isa = PBXSourcesBuildPhase;
			buildActionMask = 2147483647;
			files = (
				992B4A30225B4191003E64DB /* InjectionTestUITests.swift in Sources */,
			);
			runOnlyForDeploymentPostprocessing = 0;
		};
/* End PBXSourcesBuildPhase section */

/* Begin PBXTargetDependency section */
		992B4A22225B4191003E64DB /* PBXTargetDependency */ = {
			isa = PBXTargetDependency;
			target = 992B4A0B225B4190003E64DB /* InjectionTest */;
			targetProxy = 992B4A21225B4191003E64DB /* PBXContainerItemProxy */;
		};
		992B4A2D225B4191003E64DB /* PBXTargetDependency */ = {
			isa = PBXTargetDependency;
			target = 992B4A0B225B4190003E64DB /* InjectionTest */;
			targetProxy = 992B4A2C225B4191003E64DB /* PBXContainerItemProxy */;
		};
/* End PBXTargetDependency section */

/* Begin PBXVariantGroup section */
		992B4A13225B4190003E64DB /* Main.storyboard */ = {
			isa = PBXVariantGroup;
			children = (
				992B4A14225B4190003E64DB /* Base */,
			);
			name = Main.storyboard;
			sourceTree = "<group>";
		};
		992B4A18225B4191003E64DB /* LaunchScreen.storyboard */ = {
			isa = PBXVariantGroup;
			children = (
				992B4A19225B4191003E64DB /* Base */,
			);
			name = LaunchScreen.storyboard;
			sourceTree = "<group>";
		};
/* End PBXVariantGroup section */

/* Begin XCBuildConfiguration section */
		992B4A32225B4191003E64DB /* Debug */ = {
			isa = XCBuildConfiguration;
			buildSettings = {
				ALWAYS_SEARCH_USER_PATHS = NO;
				CLANG_ANALYZER_NONNULL = YES;
				CLANG_ANALYZER_NUMBER_OBJECT_CONVERSION = YES_AGGRESSIVE;
				CLANG_CXX_LANGUAGE_STANDARD = "gnu++14";
				CLANG_CXX_LIBRARY = "libc++";
				CLANG_ENABLE_MODULES = YES;
				CLANG_ENABLE_OBJC_ARC = YES;
				CLANG_ENABLE_OBJC_WEAK = YES;
				CLANG_WARN_BLOCK_CAPTURE_AUTORELEASING = YES;
				CLANG_WARN_BOOL_CONVERSION = YES;
				CLANG_WARN_COMMA = YES;
				CLANG_WARN_CONSTANT_CONVERSION = YES;
				CLANG_WARN_DEPRECATED_OBJC_IMPLEMENTATIONS = YES;
				CLANG_WARN_DIRECT_OBJC_ISA_USAGE = YES_ERROR;
				CLANG_WARN_DOCUMENTATION_COMMENTS = YES;
				CLANG_WARN_EMPTY_BODY = YES;
				CLANG_WARN_ENUM_CONVERSION = YES;
				CLANG_WARN_INFINITE_RECURSION = YES;
				CLANG_WARN_INT_CONVERSION = YES;
				CLANG_WARN_NON_LITERAL_NULL_CONVERSION = YES;
				CLANG_WARN_OBJC_IMPLICIT_RETAIN_SELF = YES;
				CLANG_WARN_OBJC_LITERAL_CONVERSION = YES;
				CLANG_WARN_OBJC_ROOT_CLASS = YES_ERROR;
				CLANG_WARN_RANGE_LOOP_ANALYSIS = YES;
				CLANG_WARN_STRICT_PROTOTYPES = YES;
				CLANG_WARN_SUSPICIOUS_MOVE = YES;
				CLANG_WARN_UNGUARDED_AVAILABILITY = YES_AGGRESSIVE;
				CLANG_WARN_UNREACHABLE_CODE = YES;
				CLANG_WARN__DUPLICATE_METHOD_MATCH = YES;
				CODE_SIGN_IDENTITY = "iPhone Developer";
				COPY_PHASE_STRIP = NO;
				DEBUG_INFORMATION_FORMAT = dwarf;
				ENABLE_STRICT_OBJC_MSGSEND = YES;
				ENABLE_TESTABILITY = YES;
				GCC_C_LANGUAGE_STANDARD = gnu11;
				GCC_DYNAMIC_NO_PIC = NO;
				GCC_NO_COMMON_BLOCKS = YES;
				GCC_OPTIMIZATION_LEVEL = 0;
				GCC_PREPROCESSOR_DEFINITIONS = (
					"DEBUG=1",
					"$(inherited)",
				);
				GCC_WARN_64_TO_32_BIT_CONVERSION = YES;
				GCC_WARN_ABOUT_RETURN_TYPE = YES_ERROR;
				GCC_WARN_UNDECLARED_SELECTOR = YES;
				GCC_WARN_UNINITIALIZED_AUTOS = YES_AGGRESSIVE;
				GCC_WARN_UNUSED_FUNCTION = YES;
				GCC_WARN_UNUSED_VARIABLE = YES;
				IPHONEOS_DEPLOYMENT_TARGET = 12.1;
				MTL_ENABLE_DEBUG_INFO = INCLUDE_SOURCE;
				MTL_FAST_MATH = YES;
				ONLY_ACTIVE_ARCH = YES;
				SDKROOT = iphoneos;
				SWIFT_ACTIVE_COMPILATION_CONDITIONS = DEBUG;
				SWIFT_OPTIMIZATION_LEVEL = "-Onone";
			};
			name = Debug;
		};
		992B4A33225B4191003E64DB /* Release */ = {
			isa = XCBuildConfiguration;
			buildSettings = {
				ALWAYS_SEARCH_USER_PATHS = NO;
				CLANG_ANALYZER_NONNULL = YES;
				CLANG_ANALYZER_NUMBER_OBJECT_CONVERSION = YES_AGGRESSIVE;
				CLANG_CXX_LANGUAGE_STANDARD = "gnu++14";
				CLANG_CXX_LIBRARY = "libc++";
				CLANG_ENABLE_MODULES = YES;
				CLANG_ENABLE_OBJC_ARC = YES;
				CLANG_ENABLE_OBJC_WEAK = YES;
				CLANG_WARN_BLOCK_CAPTURE_AUTORELEASING = YES;
				CLANG_WARN_BOOL_CONVERSION = YES;
				CLANG_WARN_COMMA = YES;
				CLANG_WARN_CONSTANT_CONVERSION = YES;
				CLANG_WARN_DEPRECATED_OBJC_IMPLEMENTATIONS = YES;
				CLANG_WARN_DIRECT_OBJC_ISA_USAGE = YES_ERROR;
				CLANG_WARN_DOCUMENTATION_COMMENTS = YES;
				CLANG_WARN_EMPTY_BODY = YES;
				CLANG_WARN_ENUM_CONVERSION = YES;
				CLANG_WARN_INFINITE_RECURSION = YES;
				CLANG_WARN_INT_CONVERSION = YES;
				CLANG_WARN_NON_LITERAL_NULL_CONVERSION = YES;
				CLANG_WARN_OBJC_IMPLICIT_RETAIN_SELF = YES;
				CLANG_WARN_OBJC_LITERAL_CONVERSION = YES;
				CLANG_WARN_OBJC_ROOT_CLASS = YES_ERROR;
				CLANG_WARN_RANGE_LOOP_ANALYSIS = YES;
				CLANG_WARN_STRICT_PROTOTYPES = YES;
				CLANG_WARN_SUSPICIOUS_MOVE = YES;
				CLANG_WARN_UNGUARDED_AVAILABILITY = YES_AGGRESSIVE;
				CLANG_WARN_UNREACHABLE_CODE = YES;
				CLANG_WARN__DUPLICATE_METHOD_MATCH = YES;
				CODE_SIGN_IDENTITY = "iPhone Developer";
				COPY_PHASE_STRIP = NO;
				DEBUG_INFORMATION_FORMAT = "dwarf-with-dsym";
				ENABLE_NS_ASSERTIONS = NO;
				ENABLE_STRICT_OBJC_MSGSEND = YES;
				GCC_C_LANGUAGE_STANDARD = gnu11;
				GCC_NO_COMMON_BLOCKS = YES;
				GCC_WARN_64_TO_32_BIT_CONVERSION = YES;
				GCC_WARN_ABOUT_RETURN_TYPE = YES_ERROR;
				GCC_WARN_UNDECLARED_SELECTOR = YES;
				GCC_WARN_UNINITIALIZED_AUTOS = YES_AGGRESSIVE;
				GCC_WARN_UNUSED_FUNCTION = YES;
				GCC_WARN_UNUSED_VARIABLE = YES;
				IPHONEOS_DEPLOYMENT_TARGET = 12.1;
				MTL_ENABLE_DEBUG_INFO = NO;
				MTL_FAST_MATH = YES;
				SDKROOT = iphoneos;
				SWIFT_COMPILATION_MODE = wholemodule;
				SWIFT_OPTIMIZATION_LEVEL = "-O";
				VALIDATE_PRODUCT = YES;
			};
			name = Release;
		};
		992B4A35225B4191003E64DB /* Debug */ = {
			isa = XCBuildConfiguration;
			buildSettings = {
				ASSETCATALOG_COMPILER_APPICON_NAME = AppIcon;
				CODE_SIGN_STYLE = Automatic;
				DEVELOPMENT_TEAM = DN43523GZM;
				INFOPLIST_FILE = InjectionTest/Info.plist;
				LD_RUNPATH_SEARCH_PATHS = (
					"$(inherited)",
					"@executable_path/Frameworks",
				);
				PRODUCT_BUNDLE_IDENTIFIER = animal.InjectionTest;
				PRODUCT_NAME = "$(TARGET_NAME)";
				SWIFT_VERSION = 4.2;
				TARGETED_DEVICE_FAMILY = "1,2";
			};
			name = Debug;
		};
		992B4A36225B4191003E64DB /* Release */ = {
			isa = XCBuildConfiguration;
			buildSettings = {
				ASSETCATALOG_COMPILER_APPICON_NAME = AppIcon;
				CODE_SIGN_STYLE = Automatic;
				DEVELOPMENT_TEAM = DN43523GZM;
				INFOPLIST_FILE = InjectionTest/Info.plist;
				LD_RUNPATH_SEARCH_PATHS = (
					"$(inherited)",
					"@executable_path/Frameworks",
				);
				PRODUCT_BUNDLE_IDENTIFIER = animal.InjectionTest;
				PRODUCT_NAME = "$(TARGET_NAME)";
				SWIFT_VERSION = 4.2;
				TARGETED_DEVICE_FAMILY = "1,2";
			};
			name = Release;
		};
		992B4A38225B4191003E64DB /* Debug */ = {
			isa = XCBuildConfiguration;
			buildSettings = {
				ALWAYS_EMBED_SWIFT_STANDARD_LIBRARIES = YES;
				BUNDLE_LOADER = "$(TEST_HOST)";
				CODE_SIGN_STYLE = Automatic;
				DEVELOPMENT_TEAM = DN43523GZM;
				INFOPLIST_FILE = InjectionTestTests/Info.plist;
				LD_RUNPATH_SEARCH_PATHS = (
					"$(inherited)",
					"@executable_path/Frameworks",
					"@loader_path/Frameworks",
				);
				PRODUCT_BUNDLE_IDENTIFIER = animal.InjectionTestTests;
				PRODUCT_NAME = "$(TARGET_NAME)";
				SWIFT_VERSION = 4.2;
				TARGETED_DEVICE_FAMILY = "1,2";
				TEST_HOST = "$(BUILT_PRODUCTS_DIR)/InjectionTest.app/InjectionTest";
			};
			name = Debug;
		};
		992B4A39225B4191003E64DB /* Release */ = {
			isa = XCBuildConfiguration;
			buildSettings = {
				ALWAYS_EMBED_SWIFT_STANDARD_LIBRARIES = YES;
				BUNDLE_LOADER = "$(TEST_HOST)";
				CODE_SIGN_STYLE = Automatic;
				DEVELOPMENT_TEAM = DN43523GZM;
				INFOPLIST_FILE = InjectionTestTests/Info.plist;
				LD_RUNPATH_SEARCH_PATHS = (
					"$(inherited)",
					"@executable_path/Frameworks",
					"@loader_path/Frameworks",
				);
				PRODUCT_BUNDLE_IDENTIFIER = animal.InjectionTestTests;
				PRODUCT_NAME = "$(TARGET_NAME)";
				SWIFT_VERSION = 4.2;
				TARGETED_DEVICE_FAMILY = "1,2";
				TEST_HOST = "$(BUILT_PRODUCTS_DIR)/InjectionTest.app/InjectionTest";
			};
			name = Release;
		};
		992B4A3B225B4191003E64DB /* Debug */ = {
			isa = XCBuildConfiguration;
			buildSettings = {
				ALWAYS_EMBED_SWIFT_STANDARD_LIBRARIES = YES;
				CODE_SIGN_STYLE = Automatic;
				DEVELOPMENT_TEAM = DN43523GZM;
				INFOPLIST_FILE = InjectionTestUITests/Info.plist;
				LD_RUNPATH_SEARCH_PATHS = (
					"$(inherited)",
					"@executable_path/Frameworks",
					"@loader_path/Frameworks",
				);
				PRODUCT_BUNDLE_IDENTIFIER = animal.InjectionTestUITests;
				PRODUCT_NAME = "$(TARGET_NAME)";
				SWIFT_VERSION = 4.2;
				TARGETED_DEVICE_FAMILY = "1,2";
				TEST_TARGET_NAME = InjectionTest;
			};
			name = Debug;
		};
		992B4A3C225B4191003E64DB /* Release */ = {
			isa = XCBuildConfiguration;
			buildSettings = {
				ALWAYS_EMBED_SWIFT_STANDARD_LIBRARIES = YES;
				CODE_SIGN_STYLE = Automatic;
				DEVELOPMENT_TEAM = DN43523GZM;
				INFOPLIST_FILE = InjectionTestUITests/Info.plist;
				LD_RUNPATH_SEARCH_PATHS = (
					"$(inherited)",
					"@executable_path/Frameworks",
					"@loader_path/Frameworks",
				);
				PRODUCT_BUNDLE_IDENTIFIER = animal.InjectionTestUITests;
				PRODUCT_NAME = "$(TARGET_NAME)";
				SWIFT_VERSION = 4.2;
				TARGETED_DEVICE_FAMILY = "1,2";
				TEST_TARGET_NAME = InjectionTest;
			};
			name = Release;
		};
/* End XCBuildConfiguration section */

/* Begin XCConfigurationList section */
		992B4A07225B4190003E64DB /* Build configuration list for PBXProject "InjectionTest" */ = {
			isa = XCConfigurationList;
			buildConfigurations = (
				992B4A32225B4191003E64DB /* Debug */,
				992B4A33225B4191003E64DB /* Release */,
			);
			defaultConfigurationIsVisible = 0;
			defaultConfigurationName = Release;
		};
		992B4A34225B4191003E64DB /* Build configuration list for PBXNativeTarget "InjectionTest" */ = {
			isa = XCConfigurationList;
			buildConfigurations = (
				992B4A35225B4191003E64DB /* Debug */,
				992B4A36225B4191003E64DB /* Release */,
			);
			defaultConfigurationIsVisible = 0;
			defaultConfigurationName = Release;
		};
		992B4A37225B4191003E64DB /* Build configuration list for PBXNativeTarget "InjectionTestTests" */ = {
			isa = XCConfigurationList;
			buildConfigurations = (
				992B4A38225B4191003E64DB /* Debug */,
				992B4A39225B4191003E64DB /* Release */,
			);
			defaultConfigurationIsVisible = 0;
			defaultConfigurationName = Release;
		};
		992B4A3A225B4191003E64DB /* Build configuration list for PBXNativeTarget "InjectionTestUITests" */ = {
			isa = XCConfigurationList;
			buildConfigurations = (
				992B4A3B225B4191003E64DB /* Debug */,
				992B4A3C225B4191003E64DB /* Release */,
			);
			defaultConfigurationIsVisible = 0;
			defaultConfigurationName = Release;
		};
/* End XCConfigurationList section */
	};
	rootObject = 992B4A04225B4190003E64DB /* Project object */;
}
